
Microsoft Visual Studio Solution File, Format Version 12.00
# Visual Studio 2015
Project("{FAE04EC0-301F-11D3-BF4B-00C04F79EFBC}") = "Asteroids Prototype 1 DT.CSharp", "Asteroids Prototype 1 DT.CSharp.csproj", "{883DF209-52B9-8162-8C60-318F32134C13}"
EndProject
Global
	GlobalSection(SolutionConfigurationPlatforms) = preSolution
		Debug|Any CPU = Debug|Any CPU
		Release|Any CPU = Release|Any CPU
	EndGlobalSection
	GlobalSection(ProjectConfigurationPlatforms) = postSolution
		{883DF209-52B9-8162-8C60-318F32134C13}.Debug|Any CPU.ActiveCfg = Debug|Any CPU
		{883DF209-52B9-8162-8C60-318F32134C13}.Debug|Any CPU.Build.0 = Debug|Any CPU
		{883DF209-52B9-8162-8C60-318F32134C13}.Release|Any CPU.ActiveCfg = Release|Any CPU
		{883DF209-52B9-8162-8C60-318F32134C13}.Release|Any CPU.Build.0 = Release|Any CPU
	EndGlobalSection
	GlobalSection(SolutionProperties) = preSolution
		HideSolutionNode = FALSE
	EndGlobalSection
EndGlobal
